
Microsoft Visual Studio Solution File, Format Version 12.00
# Visual Studio Version 17
VisualStudioVersion = 17.4.33103.184
MinimumVisualStudioVersion = 10.0.40219.1
Project("{9A19103F-16F7-4668-BE54-9A1E7A4F7556}") = "Clinic.API", "Clinic.API.csproj", "{93A3851F-ECBB-49A7-9AFC-A07583C37B32}"
EndProject
Project("{FAE04EC0-301F-11D3-BF4B-00C04F79EFBC}") = "EmailService", "..\EmailService\EmailService.csproj", "{D45F35E5-28BF-4760-A345-8FFB02828884}"
EndProject
Global
	GlobalSection(SolutionConfigurationPlatforms) = preSolution
		Debug|Any CPU = Debug|Any CPU
		Release|Any CPU = Release|Any CPU
	EndGlobalSection
	GlobalSection(ProjectConfigurationPlatforms) = postSolution
		{93A3851F-ECBB-49A7-9AFC-A07583C37B32}.Debug|Any CPU.ActiveCfg = Debug|Any CPU
		{93A3851F-ECBB-49A7-9AFC-A07583C37B32}.Debug|Any CPU.Build.0 = Debug|Any CPU
		{93A3851F-ECBB-49A7-9AFC-A07583C37B32}.Release|Any CPU.ActiveCfg = Release|Any CPU
		{93A3851F-ECBB-49A7-9AFC-A07583C37B32}.Release|Any CPU.Build.0 = Release|Any CPU
		{D45F35E5-28BF-4760-A345-8FFB02828884}.Debug|Any CPU.ActiveCfg = Debug|Any CPU
		{D45F35E5-28BF-4760-A345-8FFB02828884}.Debug|Any CPU.Build.0 = Debug|Any CPU
		{D45F35E5-28BF-4760-A345-8FFB02828884}.Release|Any CPU.ActiveCfg = Release|Any CPU
		{D45F35E5-28BF-4760-A345-8FFB02828884}.Release|Any CPU.Build.0 = Release|Any CPU
	EndGlobalSection
	GlobalSection(SolutionProperties) = preSolution
		HideSolutionNode = FALSE
	EndGlobalSection
	GlobalSection(ExtensibilityGlobals) = postSolution
		SolutionGuid = {A67B8D82-E257-4893-AB23-A8B6E635A4C1}
	EndGlobalSection
EndGlobal
